
Microsoft Visual Studio Solution File, Format Version 12.00
# Visual Studio Version 17
VisualStudioVersion = 17.8.34525.116
MinimumVisualStudioVersion = 10.0.40219.1
Project("{FAE04EC0-301F-11D3-BF4B-00C04F79EFBC}") = "TestOktakit", "TestOktakit\TestOktakit.csproj", "{7D078BF4-6A2B-4930-BA19-514F6B1C78DB}"
EndProject
Global
	GlobalSection(SolutionConfigurationPlatforms) = preSolution
		Debug|Any CPU = Debug|Any CPU
		Release|Any CPU = Release|Any CPU
	EndGlobalSection
	GlobalSection(ProjectConfigurationPlatforms) = postSolution
		{7D078BF4-6A2B-4930-BA19-514F6B1C78DB}.Debug|Any CPU.ActiveCfg = Debug|Any CPU
		{7D078BF4-6A2B-4930-BA19-514F6B1C78DB}.Debug|Any CPU.Build.0 = Debug|Any CPU
		{7D078BF4-6A2B-4930-BA19-514F6B1C78DB}.Release|Any CPU.ActiveCfg = Release|Any CPU
		{7D078BF4-6A2B-4930-BA19-514F6B1C78DB}.Release|Any CPU.Build.0 = Release|Any CPU
	EndGlobalSection
	GlobalSection(SolutionProperties) = preSolution
		HideSolutionNode = FALSE
	EndGlobalSection
	GlobalSection(ExtensibilityGlobals) = postSolution
		SolutionGuid = {CC16FCC8-56D2-47F9-BBAC-2F0E15296CD4}
	EndGlobalSection
EndGlobal
